<?xml version="1.0" encoding="utf-8"?>
<Project ToolsVersion="4.0" xmlns="http://schemas.microsoft.com/developer/msbuild/2003">
  <ItemGroup>
    <Filter Include="Исходные файлы">
      <UniqueIdentifier>{4FC737F1-C7A5-4376-A066-2A32D752A2FF}</UniqueIdentifier>
      <Extensions>cpp;c;cc;cxx;c++;cppm;ixx;def;odl;idl;hpj;bat;asm;asmx</Extensions>
    </Filter>
  </ItemGroup>
  <ItemGroup>
    <ClInclude Include="array.h">
      <Filter>Исходные файлы</Filter>
    </ClInclude>
    <ClInclude Include="button.h">
      <Filter>Исходные файлы</Filter>
    </ClInclude>
    <ClInclude Include="database.h">
      <Filter>Исходные файлы</Filter>
    </ClInclude>
    <ClInclude Include="file.h">
      <Filter>Исходные файлы</Filter>
    </ClInclude>
    <ClInclude Include="fileset.h">
      <Filter>Исходные файлы</Filter>
    </ClInclude>
    <ClInclude Include="flow_layout.h">
      <Filter>Исходные файлы</Filter>
    </ClInclude>
    <ClInclude Include="frame.h">
      <Filter>Исходные файлы</Filter>
    </ClInclude>
    <ClInclude Include="function.h">
      <Filter>Исходные файлы</Filter>
    </ClInclude>
    <ClInclude Include="geometry.h">
      <Filter>Исходные файлы</Filter>
    </ClInclude>
    <ClInclude Include="global_operators.h">
      <Filter>Исходные файлы</Filter>
    </ClInclude>
    <ClInclude Include="global_types.h">
      <Filter>Исходные файлы</Filter>
    </ClInclude>
    <ClInclude Include="gltf.h">
      <Filter>Исходные файлы</Filter>
    </ClInclude>
    <ClInclude Include="graphics.h">
      <Filter>Исходные файлы</Filter>
    </ClInclude>
    <ClInclude Include="grid_layout.h">
      <Filter>Исходные файлы</Filter>
    </ClInclude>
    <ClInclude Include="hardware.h">
      <Filter>Исходные файлы</Filter>
    </ClInclude>
    <ClInclude Include="heightmap.h">
      <Filter>Исходные файлы</Filter>
    </ClInclude>
    <ClInclude Include="image_view.h">
      <Filter>Исходные файлы</Filter>
    </ClInclude>
    <ClInclude Include="json.h">
      <Filter>Исходные файлы</Filter>
    </ClInclude>
    <ClInclude Include="matrix.h">
      <Filter>Исходные файлы</Filter>
    </ClInclude>
    <ClInclude Include="network.h">
      <Filter>Исходные файлы</Filter>
    </ClInclude>
    <ClInclude Include="observer.h">
      <Filter>Исходные файлы</Filter>
    </ClInclude>
    <ClInclude Include="option_list.h">
      <Filter>Исходные файлы</Filter>
    </ClInclude>
    <ClInclude Include="os_api.h">
      <Filter>Исходные файлы</Filter>
    </ClInclude>
    <ClInclude Include="real.h">
      <Filter>Исходные файлы</Filter>
    </ClInclude>
    <ClInclude Include="scroll_bar.h">
      <Filter>Исходные файлы</Filter>
    </ClInclude>
    <ClInclude Include="set.h">
      <Filter>Исходные файлы</Filter>
    </ClInclude>
    <ClInclude Include="string.h">
      <Filter>Исходные файлы</Filter>
    </ClInclude>
    <ClInclude Include="tests.h">
      <Filter>Исходные файлы</Filter>
    </ClInclude>
    <ClInclude Include="text_field.h">
      <Filter>Исходные файлы</Filter>
    </ClInclude>
    <ClInclude Include="text_layout.h">
      <Filter>Исходные файлы</Filter>
    </ClInclude>
    <ClInclude Include="time.h">
      <Filter>Исходные файлы</Filter>
    </ClInclude>
    <ClInclude Include="timer.h">
      <Filter>Исходные файлы</Filter>
    </ClInclude>
    <ClInclude Include="ui.h">
      <Filter>Исходные файлы</Filter>
    </ClInclude>
    <ClInclude Include="ui_types.h">
      <Filter>Исходные файлы</Filter>
    </ClInclude>
    <ClInclude Include="vector.h">
      <Filter>Исходные файлы</Filter>
    </ClInclude>
    <ClInclude Include="window.h">
      <Filter>Исходные файлы</Filter>
    </ClInclude>
    <ClInclude Include="world_frame.h">
      <Filter>Исходные файлы</Filter>
    </ClInclude>
    <ClInclude Include="world_object.h">
      <Filter>Исходные файлы</Filter>
    </ClInclude>
  </ItemGroup>
  <ItemGroup>
    <ClCompile Include="button.cpp">
      <Filter>Исходные файлы</Filter>
    </ClCompile>
    <ClCompile Include="database.cpp">
      <Filter>Исходные файлы</Filter>
    </ClCompile>
    <ClCompile Include="file.cpp">
      <Filter>Исходные файлы</Filter>
    </ClCompile>
    <ClCompile Include="flow_layout.cpp">
      <Filter>Исходные файлы</Filter>
    </ClCompile>
    <ClCompile Include="frame.cpp">
      <Filter>Исходные файлы</Filter>
    </ClCompile>
    <ClCompile Include="geometry.cpp">
      <Filter>Исходные файлы</Filter>
    </ClCompile>
    <ClCompile Include="graphics.cpp">
      <Filter>Исходные файлы</Filter>
    </ClCompile>
    <ClCompile Include="grid_layout.cpp">
      <Filter>Исходные файлы</Filter>
    </ClCompile>
    <ClCompile Include="hardware.cpp">
      <Filter>Исходные файлы</Filter>
    </ClCompile>
    <ClCompile Include="heightmap.cpp">
      <Filter>Исходные файлы</Filter>
    </ClCompile>
    <ClCompile Include="image_view.cpp">
      <Filter>Исходные файлы</Filter>
    </ClCompile>
    <ClCompile Include="main.cpp">
      <Filter>Исходные файлы</Filter>
    </ClCompile>
    <ClCompile Include="network.cpp">
      <Filter>Исходные файлы</Filter>
    </ClCompile>
    <ClCompile Include="option_list.cpp">
      <Filter>Исходные файлы</Filter>
    </ClCompile>
    <ClCompile Include="os_api.cpp">
      <Filter>Исходные файлы</Filter>
    </ClCompile>
    <ClCompile Include="real.cpp">
      <Filter>Исходные файлы</Filter>
    </ClCompile>
    <ClCompile Include="scroll_bar.cpp">
      <Filter>Исходные файлы</Filter>
    </ClCompile>
    <ClCompile Include="tests.cpp">
      <Filter>Исходные файлы</Filter>
    </ClCompile>
    <ClCompile Include="text_field.cpp">
      <Filter>Исходные файлы</Filter>
    </ClCompile>
    <ClCompile Include="text_layout.cpp">
      <Filter>Исходные файлы</Filter>
    </ClCompile>
    <ClCompile Include="time.cpp">
      <Filter>Исходные файлы</Filter>
    </ClCompile>
    <ClCompile Include="timer.cpp">
      <Filter>Исходные файлы</Filter>
    </ClCompile>
    <ClCompile Include="ui.cpp">
      <Filter>Исходные файлы</Filter>
    </ClCompile>
    <ClCompile Include="ui_types.cpp">
      <Filter>Исходные файлы</Filter>
    </ClCompile>
    <ClCompile Include="window.cpp">
      <Filter>Исходные файлы</Filter>
    </ClCompile>
    <ClCompile Include="world_frame.cpp">
      <Filter>Исходные файлы</Filter>
    </ClCompile>
    <ClCompile Include="world_object.cpp">
      <Filter>Исходные файлы</Filter>
    </ClCompile>
  </ItemGroup>
  <ItemGroup>
    <Natvis Include="dbg_view.natvis">
      <Filter>Исходные файлы</Filter>
    </Natvis>
  </ItemGroup>
</Project>